
Microsoft Visual Studio Solution File, Format Version 12.00
# Visual Studio 15
VisualStudioVersion = 15.0.25807.0
MinimumVisualStudioVersion = 10.0.40219.1
Project("{2150E333-8FDC-42A3-9474-1A3956D46DE8}") = "Engine", "Engine", "{519DAA72-514D-4E85-A115-E1C3881DEBAC}"
EndProject
Project("{2150E333-8FDC-42A3-9474-1A3956D46DE8}") = "Games", "Games", "{D43183B5-C2B9-4709-9146-BAA487E4138B}"
EndProject
Project("{8BC9CEB8-8B4A-11D0-8D11-00A0C91BC942}") = "UE4", "Intermediate\ProjectFiles\UE4.vcxproj", "{C83D2C0A-71CA-45CC-ACE6-EAB27F09385B}"
EndProject
Project("{8BC9CEB8-8B4A-11D0-8D11-00A0C91BC942}") = "BuildingEscape", "Intermediate\ProjectFiles\BuildingEscape.vcxproj", "{618C0ACD-D28F-4AD7-9E41-E4EBF7B5C29C}"
EndProject
Global
	GlobalSection(SolutionConfigurationPlatforms) = preSolution
		DebugGame Editor|HTML5 = DebugGame Editor|HTML5
		DebugGame Editor|Win32 = DebugGame Editor|Win32
		DebugGame Editor|Win64 = DebugGame Editor|Win64
		DebugGame|HTML5 = DebugGame|HTML5
		DebugGame|Win32 = DebugGame|Win32
		DebugGame|Win64 = DebugGame|Win64
		Development Editor|HTML5 = Development Editor|HTML5
		Development Editor|Win32 = Development Editor|Win32
		Development Editor|Win64 = Development Editor|Win64
		Development|HTML5 = Development|HTML5
		Development|Win32 = Development|Win32
		Development|Win64 = Development|Win64
		Shipping|HTML5 = Shipping|HTML5
		Shipping|Win32 = Shipping|Win32
		Shipping|Win64 = Shipping|Win64
	EndGlobalSection
	GlobalSection(ProjectConfigurationPlatforms) = postSolution
		{618C0ACD-D28F-4AD7-9E41-E4EBF7B5C29C}.DebugGame Editor|HTML5.ActiveCfg = HTML5_DebugGame_Editor|Win32
		{618C0ACD-D28F-4AD7-9E41-E4EBF7B5C29C}.DebugGame Editor|Win32.ActiveCfg = DebugGame_Editor|Win32
		{618C0ACD-D28F-4AD7-9E41-E4EBF7B5C29C}.DebugGame Editor|Win64.ActiveCfg = DebugGame_Editor|x64
		{618C0ACD-D28F-4AD7-9E41-E4EBF7B5C29C}.DebugGame Editor|Win64.Build.0 = DebugGame_Editor|x64
		{618C0ACD-D28F-4AD7-9E41-E4EBF7B5C29C}.DebugGame|HTML5.ActiveCfg = HTML5_DebugGame_Game|Win32
		{618C0ACD-D28F-4AD7-9E41-E4EBF7B5C29C}.DebugGame|HTML5.Build.0 = HTML5_DebugGame_Game|Win32
		{618C0ACD-D28F-4AD7-9E41-E4EBF7B5C29C}.DebugGame|Win32.ActiveCfg = DebugGame_Game|Win32
		{618C0ACD-D28F-4AD7-9E41-E4EBF7B5C29C}.DebugGame|Win32.Build.0 = DebugGame_Game|Win32
		{618C0ACD-D28F-4AD7-9E41-E4EBF7B5C29C}.DebugGame|Win64.ActiveCfg = DebugGame_Game|x64
		{618C0ACD-D28F-4AD7-9E41-E4EBF7B5C29C}.DebugGame|Win64.Build.0 = DebugGame_Game|x64
		{618C0ACD-D28F-4AD7-9E41-E4EBF7B5C29C}.Development Editor|HTML5.ActiveCfg = HTML5_Development_Editor|Win32
		{618C0ACD-D28F-4AD7-9E41-E4EBF7B5C29C}.Development Editor|Win32.ActiveCfg = Development_Editor|Win32
		{618C0ACD-D28F-4AD7-9E41-E4EBF7B5C29C}.Development Editor|Win64.ActiveCfg = Development_Editor|x64
		{618C0ACD-D28F-4AD7-9E41-E4EBF7B5C29C}.Development Editor|Win64.Build.0 = Development_Editor|x64
		{618C0ACD-D28F-4AD7-9E41-E4EBF7B5C29C}.Development|HTML5.ActiveCfg = HTML5_Development_Game|Win32
		{618C0ACD-D28F-4AD7-9E41-E4EBF7B5C29C}.Development|HTML5.Build.0 = HTML5_Development_Game|Win32
		{618C0ACD-D28F-4AD7-9E41-E4EBF7B5C29C}.Development|Win32.ActiveCfg = Development_Game|Win32
		{618C0ACD-D28F-4AD7-9E41-E4EBF7B5C29C}.Development|Win32.Build.0 = Development_Game|Win32
		{618C0ACD-D28F-4AD7-9E41-E4EBF7B5C29C}.Development|Win64.ActiveCfg = Development_Game|x64
		{618C0ACD-D28F-4AD7-9E41-E4EBF7B5C29C}.Development|Win64.Build.0 = Development_Game|x64
		{618C0ACD-D28F-4AD7-9E41-E4EBF7B5C29C}.Shipping|HTML5.ActiveCfg = HTML5_Shipping_Game|Win32
		{618C0ACD-D28F-4AD7-9E41-E4EBF7B5C29C}.Shipping|HTML5.Build.0 = HTML5_Shipping_Game|Win32
		{618C0ACD-D28F-4AD7-9E41-E4EBF7B5C29C}.Shipping|Win32.ActiveCfg = Shipping_Game|Win32
		{618C0ACD-D28F-4AD7-9E41-E4EBF7B5C29C}.Shipping|Win32.Build.0 = Shipping_Game|Win32
		{618C0ACD-D28F-4AD7-9E41-E4EBF7B5C29C}.Shipping|Win64.ActiveCfg = Shipping_Game|x64
		{618C0ACD-D28F-4AD7-9E41-E4EBF7B5C29C}.Shipping|Win64.Build.0 = Shipping_Game|x64
	EndGlobalSection
	GlobalSection(SolutionProperties) = preSolution
		HideSolutionNode = FALSE
	EndGlobalSection
	GlobalSection(NestedProjects) = preSolution
		{C83D2C0A-71CA-45CC-ACE6-EAB27F09385B} = {519DAA72-514D-4E85-A115-E1C3881DEBAC}
		{618C0ACD-D28F-4AD7-9E41-E4EBF7B5C29C} = {D43183B5-C2B9-4709-9146-BAA487E4138B}
	EndGlobalSection
EndGlobal
